// !$*UTF8*$!
{
	archiveVersion = 1;
	classes = {
	};
	objectVersion = 46;
	objects = {

/* Begin PBXBuildFile section */
		CEF977211C917A1000AD84F1 /* main.m in Sources */ = {isa = PBXBuildFile; fileRef = CEF977201C917A1000AD84F1 /* main.m */; };
		CEF977241C917A1000AD84F1 /* AppDelegate.m in Sources */ = {isa = PBXBuildFile; fileRef = CEF977231C917A1000AD84F1 /* AppDelegate.m */; };
		CEF977271C917A1000AD84F1 /* ViewController.m in Sources */ = {isa = PBXBuildFile; fileRef = CEF977261C917A1000AD84F1 /* ViewController.m */; };
		CEF9772A1C917A1000AD84F1 /* Main.storyboard in Resources */ = {isa = PBXBuildFile; fileRef = CEF977281C917A1000AD84F1 /* Main.storyboard */; };
		CEF9772C1C917A1000AD84F1 /* Assets.xcassets in Resources */ = {isa = PBXBuildFile; fileRef = CEF9772B1C917A1000AD84F1 /* Assets.xcassets */; };
		CEF9772F1C917A1000AD84F1 /* LaunchScreen.storyboard in Resources */ = {isa = PBXBuildFile; fileRef = CEF9772D1C917A1000AD84F1 /* LaunchScreen.storyboard */; };
		CEF9773A1C917A1000AD84F1 /* TestpodTests.m in Sources */ = {isa = PBXBuildFile; fileRef = CEF977391C917A1000AD84F1 /* TestpodTests.m */; };
		CEF977451C917A1000AD84F1 /* TestpodUITests.m in Sources */ = {isa = PBXBuildFile; fileRef = CEF977441C917A1000AD84F1 /* TestpodUITests.m */; };
/* End PBXBuildFile section */

/* Begin PBXContainerItemProxy section */
		CEF977361C917A1000AD84F1 /* PBXContainerItemProxy */ = {
			isa = PBXContainerItemProxy;
			containerPortal = CEF977141C917A1000AD84F1 /* Project object */;
			proxyType = 1;
			remoteGlobalIDString = CEF9771B1C917A1000AD84F1;
			remoteInfo = Testpod;
		};
		CEF977411C917A1000AD84F1 /* PBXContainerItemProxy */ = {
			isa = PBXContainerItemProxy;
			containerPortal = CEF977141C917A1000AD84F1 /* Project object */;
			proxyType = 1;
			remoteGlobalIDString = CEF9771B1C917A1000AD84F1;
			remoteInfo = Testpod;
		};
/* End PBXContainerItemProxy section */

/* Begin PBXFileReference section */
		CEF9771C1C917A1000AD84F1 /* Testpod.app */ = {isa = PBXFileReference; explicitFileType = wrapper.application; includeInIndex = 0; path = Testpod.app; sourceTree = BUILT_PRODUCTS_DIR; };
		CEF977201C917A1000AD84F1 /* main.m */ = {isa = PBXFileReference; lastKnownFileType = sourcecode.c.objc; path = main.m; sourceTree = "<group>"; };
		CEF977221C917A1000AD84F1 /* AppDelegate.h */ = {isa = PBXFileReference; lastKnownFileType = sourcecode.c.h; path = AppDelegate.h; sourceTree = "<group>"; };
		CEF977231C917A1000AD84F1 /* AppDelegate.m */ = {isa = PBXFileReference; lastKnownFileType = sourcecode.c.objc; path = AppDelegate.m; sourceTree = "<group>"; };
		CEF977251C917A1000AD84F1 /* ViewController.h */ = {isa = PBXFileReference; lastKnownFileType = sourcecode.c.h; path = ViewController.h; sourceTree = "<group>"; };
		CEF977261C917A1000AD84F1 /* ViewController.m */ = {isa = PBXFileReference; lastKnownFileType = sourcecode.c.objc; path = ViewController.m; sourceTree = "<group>"; };
		CEF977291C917A1000AD84F1 /* Base */ = {isa = PBXFileReference; lastKnownFileType = file.storyboard; name = Base; path = Base.lproj/Main.storyboard; sourceTree = "<group>"; };
		CEF9772B1C917A1000AD84F1 /* Assets.xcassets */ = {isa = PBXFileReference; lastKnownFileType = folder.assetcatalog; path = Assets.xcassets; sourceTree = "<group>"; };
		CEF9772E1C917A1000AD84F1 /* Base */ = {isa = PBXFileReference; lastKnownFileType = file.storyboard; name = Base; path = Base.lproj/LaunchScreen.storyboard; sourceTree = "<group>"; };
		CEF977301C917A1000AD84F1 /* Info.plist */ = {isa = PBXFileReference; lastKnownFileType = text.plist.xml; path = Info.plist; sourceTree = "<group>"; };
		CEF977351C917A1000AD84F1 /* TestpodTests.xctest */ = {isa = PBXFileReference; explicitFileType = wrapper.cfbundle; includeInIndex = 0; path = TestpodTests.xctest; sourceTree = BUILT_PRODUCTS_DIR; };
		CEF977391C917A1000AD84F1 /* TestpodTests.m */ = {isa = PBXFileReference; lastKnownFileType = sourcecode.c.objc; path = TestpodTests.m; sourceTree = "<group>"; };
		CEF9773B1C917A1000AD84F1 /* Info.plist */ = {isa = PBXFileReference; lastKnownFileType = text.plist.xml; path = Info.plist; sourceTree = "<group>"; };
		CEF977401C917A1000AD84F1 /* TestpodUITests.xctest */ = {isa = PBXFileReference; explicitFileType = wrapper.cfbundle; includeInIndex = 0; path = TestpodUITests.xctest; sourceTree = BUILT_PRODUCTS_DIR; };
		CEF977441C917A1000AD84F1 /* TestpodUITests.m */ = {isa = PBXFileReference; lastKnownFileType = sourcecode.c.objc; path = TestpodUITests.m; sourceTree = "<group>"; };
		CEF977461C917A1000AD84F1 /* Info.plist */ = {isa = PBXFileReference; lastKnownFileType = text.plist.xml; path = Info.plist; sourceTree = "<group>"; };
/* End PBXFileReference section */

/* Begin PBXFrameworksBuildPhase section */
		CEF977191C917A1000AD84F1 /* Frameworks */ = {
			isa = PBXFrameworksBuildPhase;
			buildActionMask = 2147483647;
			files = (
			);
			runOnlyForDeploymentPostprocessing = 0;
		};
		CEF977321C917A1000AD84F1 /* Frameworks */ = {
			isa = PBXFrameworksBuildPhase;
			buildActionMask = 2147483647;
			files = (
			);
			runOnlyForDeploymentPostprocessing = 0;
		};
		CEF9773D1C917A1000AD84F1 /* Frameworks */ = {
			isa = PBXFrameworksBuildPhase;
			buildActionMask = 2147483647;
			files = (
			);
			runOnlyForDeploymentPostprocessing = 0;
		};
/* End PBXFrameworksBuildPhase section */

/* Begin PBXGroup section */
		CEF977131C917A1000AD84F1 = {
			isa = PBXGroup;
			children = (
				CEF9771E1C917A1000AD84F1 /* Testpod */,
				CEF977381C917A1000AD84F1 /* TestpodTests */,
				CEF977431C917A1000AD84F1 /* TestpodUITests */,
				CEF9771D1C917A1000AD84F1 /* Products */,
			);
			sourceTree = "<group>";
		};
		CEF9771D1C917A1000AD84F1 /* Products */ = {
			isa = PBXGroup;
			children = (
				CEF9771C1C917A1000AD84F1 /* Testpod.app */,
				CEF977351C917A1000AD84F1 /* TestpodTests.xctest */,
				CEF977401C917A1000AD84F1 /* TestpodUITests.xctest */,
			);
			name = Products;
			sourceTree = "<group>";
		};
		CEF9771E1C917A1000AD84F1 /* Testpod */ = {
			isa = PBXGroup;
			children = (
				CEF977221C917A1000AD84F1 /* AppDelegate.h */,
				CEF977231C917A1000AD84F1 /* AppDelegate.m */,
				CEF977251C917A1000AD84F1 /* ViewController.h */,
				CEF977261C917A1000AD84F1 /* ViewController.m */,
				CEF977281C917A1000AD84F1 /* Main.storyboard */,
				CEF9772B1C917A1000AD84F1 /* Assets.xcassets */,
				CEF9772D1C917A1000AD84F1 /* LaunchScreen.storyboard */,
				CEF977301C917A1000AD84F1 /* Info.plist */,
				CEF9771F1C917A1000AD84F1 /* Supporting Files */,
			);
			path = Testpod;
			sourceTree = "<group>";
		};
		CEF9771F1C917A1000AD84F1 /* Supporting Files */ = {
			isa = PBXGroup;
			children = (
				CEF977201C917A1000AD84F1 /* main.m */,
			);
			name = "Supporting Files";
			sourceTree = "<group>";
		};
		CEF977381C917A1000AD84F1 /* TestpodTests */ = {
			isa = PBXGroup;
			children = (
				CEF977391C917A1000AD84F1 /* TestpodTests.m */,
				CEF9773B1C917A1000AD84F1 /* Info.plist */,
			);
			path = TestpodTests;
			sourceTree = "<group>";
		};
		CEF977431C917A1000AD84F1 /* TestpodUITests */ = {
			isa = PBXGroup;
			children = (
				CEF977441C917A1000AD84F1 /* TestpodUITests.m */,
				CEF977461C917A1000AD84F1 /* Info.plist */,
			);
			path = TestpodUITests;
			sourceTree = "<group>";
		};
/* End PBXGroup section */

/* Begin PBXNativeTarget section */
		CEF9771B1C917A1000AD84F1 /* Testpod */ = {
			isa = PBXNativeTarget;
			buildConfigurationList = CEF977491C917A1000AD84F1 /* Build configuration list for PBXNativeTarget "Testpod" */;
			buildPhases = (
				CEF977181C917A1000AD84F1 /* Sources */,
				CEF977191C917A1000AD84F1 /* Frameworks */,
				CEF9771A1C917A1000AD84F1 /* Resources */,
			);
			buildRules = (
			);
			dependencies = (
			);
			name = Testpod;
			productName = Testpod;
			productReference = CEF9771C1C917A1000AD84F1 /* Testpod.app */;
			productType = "com.apple.product-type.application";
		};
		CEF977341C917A1000AD84F1 /* TestpodTests */ = {
			isa = PBXNativeTarget;
			buildConfigurationList = CEF9774C1C917A1000AD84F1 /* Build configuration list for PBXNativeTarget "TestpodTests" */;
			buildPhases = (
				CEF977311C917A1000AD84F1 /* Sources */,
				CEF977321C917A1000AD84F1 /* Frameworks */,
				CEF977331C917A1000AD84F1 /* Resources */,
			);
			buildRules = (
			);
			dependencies = (
				CEF977371C917A1000AD84F1 /* PBXTargetDependency */,
			);
			name = TestpodTests;
			productName = TestpodTests;
			productReference = CEF977351C917A1000AD84F1 /* TestpodTests.xctest */;
			productType = "com.apple.product-type.bundle.unit-test";
		};
		CEF9773F1C917A1000AD84F1 /* TestpodUITests */ = {
			isa = PBXNativeTarget;
			buildConfigurationList = CEF9774F1C917A1000AD84F1 /* Build configuration list for PBXNativeTarget "TestpodUITests" */;
			buildPhases = (
				CEF9773C1C917A1000AD84F1 /* Sources */,
				CEF9773D1C917A1000AD84F1 /* Frameworks */,
				CEF9773E1C917A1000AD84F1 /* Resources */,
			);
			buildRules = (
			);
			dependencies = (
				CEF977421C917A1000AD84F1 /* PBXTargetDependency */,
			);
			name = TestpodUITests;
			productName = TestpodUITests;
			productReference = CEF977401C917A1000AD84F1 /* TestpodUITests.xctest */;
			productType = "com.apple.product-type.bundle.ui-testing";
		};
/* End PBXNativeTarget section */

/* Begin PBXProject section */
		CEF977141C917A1000AD84F1 /* Project object */ = {
			isa = PBXProject;
			attributes = {
				LastUpgradeCheck = 0720;
				ORGANIZATIONNAME = libohao;
				TargetAttributes = {
					CEF9771B1C917A1000AD84F1 = {
						CreatedOnToolsVersion = 7.2.1;
					};
					CEF977341C917A1000AD84F1 = {
						CreatedOnToolsVersion = 7.2.1;
						TestTargetID = CEF9771B1C917A1000AD84F1;
					};
					CEF9773F1C917A1000AD84F1 = {
						CreatedOnToolsVersion = 7.2.1;
						TestTargetID = CEF9771B1C917A1000AD84F1;
					};
				};
			};
			buildConfigurationList = CEF977171C917A1000AD84F1 /* Build configuration list for PBXProject "Testpod" */;
			compatibilityVersion = "Xcode 3.2";
			developmentRegion = English;
			hasScannedForEncodings = 0;
			knownRegions = (
				en,
				Base,
			);
			mainGroup = CEF977131C917A1000AD84F1;
			productRefGroup = CEF9771D1C917A1000AD84F1 /* Products */;
			projectDirPath = "";
			projectRoot = "";
			targets = (
				CEF9771B1C917A1000AD84F1 /* Testpod */,
				CEF977341C917A1000AD84F1 /* TestpodTests */,
				CEF9773F1C917A1000AD84F1 /* TestpodUITests */,
			);
		};
/* End PBXProject section */

/* Begin PBXResourcesBuildPhase section */
		CEF9771A1C917A1000AD84F1 /* Resources */ = {
			isa = PBXResourcesBuildPhase;
			buildActionMask = 2147483647;
			files = (
				CEF9772F1C917A1000AD84F1 /* LaunchScreen.storyboard in Resources */,
				CEF9772C1C917A1000AD84F1 /* Assets.xcassets in Resources */,
				CEF9772A1C917A1000AD84F1 /* Main.storyboard in Resources */,
			);
			runOnlyForDeploymentPostprocessing = 0;
		};
		CEF977331C917A1000AD84F1 /* Resources */ = {
			isa = PBXResourcesBuildPhase;
			buildActionMask = 2147483647;
			files = (
			);
			runOnlyForDeploymentPostprocessing = 0;
		};
		CEF9773E1C917A1000AD84F1 /* Resources */ = {
			isa = PBXResourcesBuildPhase;
			buildActionMask = 2147483647;
			files = (
			);
			runOnlyForDeploymentPostprocessing = 0;
		};
/* End PBXResourcesBuildPhase section */

/* Begin PBXSourcesBuildPhase section */
		CEF977181C917A1000AD84F1 /* Sources */ = {
			isa = PBXSourcesBuildPhase;
			buildActionMask = 2147483647;
			files = (
				CEF977271C917A1000AD84F1 /* ViewController.m in Sources */,
				CEF977241C917A1000AD84F1 /* AppDelegate.m in Sources */,
				CEF977211C917A1000AD84F1 /* main.m in Sources */,
			);
			runOnlyForDeploymentPostprocessing = 0;
		};
		CEF977311C917A1000AD84F1 /* Sources */ = {
			isa = PBXSourcesBuildPhase;
			buildActionMask = 2147483647;
			files = (
				CEF9773A1C917A1000AD84F1 /* TestpodTests.m in Sources */,
			);
			runOnlyForDeploymentPostprocessing = 0;
		};
		CEF9773C1C917A1000AD84F1 /* Sources */ = {
			isa = PBXSourcesBuildPhase;
			buildActionMask = 2147483647;
			files = (
				CEF977451C917A1000AD84F1 /* TestpodUITests.m in Sources */,
			);
			runOnlyForDeploymentPostprocessing = 0;
		};
/* End PBXSourcesBuildPhase section */

/* Begin PBXTargetDependency section */
		CEF977371C917A1000AD84F1 /* PBXTargetDependency */ = {
			isa = PBXTargetDependency;
			target = CEF9771B1C917A1000AD84F1 /* Testpod */;
			targetProxy = CEF977361C917A1000AD84F1 /* PBXContainerItemProxy */;
		};
		CEF977421C917A1000AD84F1 /* PBXTargetDependency */ = {
			isa = PBXTargetDependency;
			target = CEF9771B1C917A1000AD84F1 /* Testpod */;
			targetProxy = CEF977411C917A1000AD84F1 /* PBXContainerItemProxy */;
		};
/* End PBXTargetDependency section */

/* Begin PBXVariantGroup section */
		CEF977281C917A1000AD84F1 /* Main.storyboard */ = {
			isa = PBXVariantGroup;
			children = (
				CEF977291C917A1000AD84F1 /* Base */,
			);
			name = Main.storyboard;
			sourceTree = "<group>";
		};
		CEF9772D1C917A1000AD84F1 /* LaunchScreen.storyboard */ = {
			isa = PBXVariantGroup;
			children = (
				CEF9772E1C917A1000AD84F1 /* Base */,
			);
			name = LaunchScreen.storyboard;
			sourceTree = "<group>";
		};
/* End PBXVariantGroup section */

/* Begin XCBuildConfiguration section */
		CEF977471C917A1000AD84F1 /* Debug */ = {
			isa = XCBuildConfiguration;
			buildSettings = {
				ALWAYS_SEARCH_USER_PATHS = NO;
				CLANG_CXX_LANGUAGE_STANDARD = "gnu++0x";
				CLANG_CXX_LIBRARY = "libc++";
				CLANG_ENABLE_MODULES = YES;
				CLANG_ENABLE_OBJC_ARC = YES;
				CLANG_WARN_BOOL_CONVERSION = YES;
				CLANG_WARN_CONSTANT_CONVERSION = YES;
				CLANG_WARN_DIRECT_OBJC_ISA_USAGE = YES_ERROR;
				CLANG_WARN_EMPTY_BODY = YES;
				CLANG_WARN_ENUM_CONVERSION = YES;
				CLANG_WARN_INT_CONVERSION = YES;
				CLANG_WARN_OBJC_ROOT_CLASS = YES_ERROR;
				CLANG_WARN_UNREACHABLE_CODE = YES;
				CLANG_WARN__DUPLICATE_METHOD_MATCH = YES;
				"CODE_SIGN_IDENTITY[sdk=iphoneos*]" = "iPhone Developer";
				COPY_PHASE_STRIP = NO;
				DEBUG_INFORMATION_FORMAT = dwarf;
				ENABLE_STRICT_OBJC_MSGSEND = YES;
				ENABLE_TESTABILITY = YES;
				GCC_C_LANGUAGE_STANDARD = gnu99;
				GCC_DYNAMIC_NO_PIC = NO;
				GCC_NO_COMMON_BLOCKS = YES;
				GCC_OPTIMIZATION_LEVEL = 0;
				GCC_PREPROCESSOR_DEFINITIONS = (
					"DEBUG=1",
					"$(inherited)",
				);
				GCC_WARN_64_TO_32_BIT_CONVERSION = YES;
				GCC_WARN_ABOUT_RETURN_TYPE = YES_ERROR;
				GCC_WARN_UNDECLARED_SELECTOR = YES;
				GCC_WARN_UNINITIALIZED_AUTOS = YES_AGGRESSIVE;
				GCC_WARN_UNUSED_FUNCTION = YES;
				GCC_WARN_UNUSED_VARIABLE = YES;
				IPHONEOS_DEPLOYMENT_TARGET = 9.2;
				MTL_ENABLE_DEBUG_INFO = YES;
				ONLY_ACTIVE_ARCH = YES;
				SDKROOT = iphoneos;
			};
			name = Debug;
		};
		CEF977481C917A1000AD84F1 /* Release */ = {
			isa = XCBuildConfiguration;
			buildSettings = {
				ALWAYS_SEARCH_USER_PATHS = NO;
				CLANG_CXX_LANGUAGE_STANDARD = "gnu++0x";
				CLANG_CXX_LIBRARY = "libc++";
				CLANG_ENABLE_MODULES = YES;
				CLANG_ENABLE_OBJC_ARC = YES;
				CLANG_WARN_BOOL_CONVERSION = YES;
				CLANG_WARN_CONSTANT_CONVERSION = YES;
				CLANG_WARN_DIRECT_OBJC_ISA_USAGE = YES_ERROR;
				CLANG_WARN_EMPTY_BODY = YES;
				CLANG_WARN_ENUM_CONVERSION = YES;
				CLANG_WARN_INT_CONVERSION = YES;
				CLANG_WARN_OBJC_ROOT_CLASS = YES_ERROR;
				CLANG_WARN_UNREACHABLE_CODE = YES;
				CLANG_WARN__DUPLICATE_METHOD_MATCH = YES;
				"CODE_SIGN_IDENTITY[sdk=iphoneos*]" = "iPhone Developer";
				COPY_PHASE_STRIP = NO;
				DEBUG_INFORMATION_FORMAT = "dwarf-with-dsym";
				ENABLE_NS_ASSERTIONS = NO;
				ENABLE_STRICT_OBJC_MSGSEND = YES;
				GCC_C_LANGUAGE_STANDARD = gnu99;
				GCC_NO_COMMON_BLOCKS = YES;
				GCC_WARN_64_TO_32_BIT_CONVERSION = YES;
				GCC_WARN_ABOUT_RETURN_TYPE = YES_ERROR;
				GCC_WARN_UNDECLARED_SELECTOR = YES;
				GCC_WARN_UNINITIALIZED_AUTOS = YES_AGGRESSIVE;
				GCC_WARN_UNUSED_FUNCTION = YES;
				GCC_WARN_UNUSED_VARIABLE = YES;
				IPHONEOS_DEPLOYMENT_TARGET = 9.2;
				MTL_ENABLE_DEBUG_INFO = NO;
				SDKROOT = iphoneos;
				VALIDATE_PRODUCT = YES;
			};
			name = Release;
		};
		CEF9774A1C917A1000AD84F1 /* Debug */ = {
			isa = XCBuildConfiguration;
			buildSettings = {
				ASSETCATALOG_COMPILER_APPICON_NAME = AppIcon;
				INFOPLIST_FILE = Testpod/Info.plist;
				LD_RUNPATH_SEARCH_PATHS = "$(inherited) @executable_path/Frameworks";
				PRODUCT_BUNDLE_IDENTIFIER = com.libohao.Testpod;
				PRODUCT_NAME = "$(TARGET_NAME)";
			};
			name = Debug;
		};
		CEF9774B1C917A1000AD84F1 /* Release */ = {
			isa = XCBuildConfiguration;
			buildSettings = {
				ASSETCATALOG_COMPILER_APPICON_NAME = AppIcon;
				INFOPLIST_FILE = Testpod/Info.plist;
				LD_RUNPATH_SEARCH_PATHS = "$(inherited) @executable_path/Frameworks";
				PRODUCT_BUNDLE_IDENTIFIER = com.libohao.Testpod;
				PRODUCT_NAME = "$(TARGET_NAME)";
			};
			name = Release;
		};
		CEF9774D1C917A1000AD84F1 /* Debug */ = {
			isa = XCBuildConfiguration;
			buildSettings = {
				BUNDLE_LOADER = "$(TEST_HOST)";
				INFOPLIST_FILE = TestpodTests/Info.plist;
				LD_RUNPATH_SEARCH_PATHS = "$(inherited) @executable_path/Frameworks @loader_path/Frameworks";
				PRODUCT_BUNDLE_IDENTIFIER = com.libohao.TestpodTests;
				PRODUCT_NAME = "$(TARGET_NAME)";
				TEST_HOST = "$(BUILT_PRODUCTS_DIR)/Testpod.app/Testpod";
			};
			name = Debug;
		};
		CEF9774E1C917A1000AD84F1 /* Release */ = {
			isa = XCBuildConfiguration;
			buildSettings = {
				BUNDLE_LOADER = "$(TEST_HOST)";
				INFOPLIST_FILE = TestpodTests/Info.plist;
				LD_RUNPATH_SEARCH_PATHS = "$(inherited) @executable_path/Frameworks @loader_path/Frameworks";
				PRODUCT_BUNDLE_IDENTIFIER = com.libohao.TestpodTests;
				PRODUCT_NAME = "$(TARGET_NAME)";
				TEST_HOST = "$(BUILT_PRODUCTS_DIR)/Testpod.app/Testpod";
			};
			name = Release;
		};
		CEF977501C917A1000AD84F1 /* Debug */ = {
			isa = XCBuildConfiguration;
			buildSettings = {
				INFOPLIST_FILE = TestpodUITests/Info.plist;
				LD_RUNPATH_SEARCH_PATHS = "$(inherited) @executable_path/Frameworks @loader_path/Frameworks";
				PRODUCT_BUNDLE_IDENTIFIER = com.libohao.TestpodUITests;
				PRODUCT_NAME = "$(TARGET_NAME)";
				TEST_TARGET_NAME = Testpod;
				USES_XCTRUNNER = YES;
			};
			name = Debug;
		};
		CEF977511C917A1000AD84F1 /* Release */ = {
			isa = XCBuildConfiguration;
			buildSettings = {
				INFOPLIST_FILE = TestpodUITests/Info.plist;
				LD_RUNPATH_SEARCH_PATHS = "$(inherited) @executable_path/Frameworks @loader_path/Frameworks";
				PRODUCT_BUNDLE_IDENTIFIER = com.libohao.TestpodUITests;
				PRODUCT_NAME = "$(TARGET_NAME)";
				TEST_TARGET_NAME = Testpod;
				USES_XCTRUNNER = YES;
			};
			name = Release;
		};
/* End XCBuildConfiguration section */

/* Begin XCConfigurationList section */
		CEF977171C917A1000AD84F1 /* Build configuration list for PBXProject "Testpod" */ = {
			isa = XCConfigurationList;
			buildConfigurations = (
				CEF977471C917A1000AD84F1 /* Debug */,
				CEF977481C917A1000AD84F1 /* Release */,
			);
			defaultConfigurationIsVisible = 0;
			defaultConfigurationName = Release;
		};
		CEF977491C917A1000AD84F1 /* Build configuration list for PBXNativeTarget "Testpod" */ = {
			isa = XCConfigurationList;
			buildConfigurations = (
				CEF9774A1C917A1000AD84F1 /* Debug */,
				CEF9774B1C917A1000AD84F1 /* Release */,
			);
			defaultConfigurationIsVisible = 0;
		};
		CEF9774C1C917A1000AD84F1 /* Build configuration list for PBXNativeTarget "TestpodTests" */ = {
			isa = XCConfigurationList;
			buildConfigurations = (
				CEF9774D1C917A1000AD84F1 /* Debug */,
				CEF9774E1C917A1000AD84F1 /* Release */,
			);
			defaultConfigurationIsVisible = 0;
		};
		CEF9774F1C917A1000AD84F1 /* Build configuration list for PBXNativeTarget "TestpodUITests" */ = {
			isa = XCConfigurationList;
			buildConfigurations = (
				CEF977501C917A1000AD84F1 /* Debug */,
				CEF977511C917A1000AD84F1 /* Release */,
			);
			defaultConfigurationIsVisible = 0;
		};
/* End XCConfigurationList section */
	};
	rootObject = CEF977141C917A1000AD84F1 /* Project object */;
}
